
Microsoft Visual Studio Solution File, Format Version 12.00
# Visual Studio Version 16
VisualStudioVersion = 16.0.29613.14
MinimumVisualStudioVersion = 10.0.40219.1
Project("{FAE04EC0-301F-11D3-BF4B-00C04F79EFBC}") = "OpAtribuicao", "OpAtribuicao\OpAtribuicao.csproj", "{BD370692-CEEF-4011-A156-5469D46A2984}"
EndProject
Global
	GlobalSection(SolutionConfigurationPlatforms) = preSolution
		Debug|Any CPU = Debug|Any CPU
		Release|Any CPU = Release|Any CPU
	EndGlobalSection
	GlobalSection(ProjectConfigurationPlatforms) = postSolution
		{BD370692-CEEF-4011-A156-5469D46A2984}.Debug|Any CPU.ActiveCfg = Debug|Any CPU
		{BD370692-CEEF-4011-A156-5469D46A2984}.Debug|Any CPU.Build.0 = Debug|Any CPU
		{BD370692-CEEF-4011-A156-5469D46A2984}.Release|Any CPU.ActiveCfg = Release|Any CPU
		{BD370692-CEEF-4011-A156-5469D46A2984}.Release|Any CPU.Build.0 = Release|Any CPU
	EndGlobalSection
	GlobalSection(SolutionProperties) = preSolution
		HideSolutionNode = FALSE
	EndGlobalSection
	GlobalSection(ExtensibilityGlobals) = postSolution
		SolutionGuid = {37C7ABD0-2AFA-43E3-8E29-A60D31AD5F1D}
	EndGlobalSection
EndGlobal
