
Microsoft Visual Studio Solution File, Format Version 12.00
# Visual Studio Version 16
VisualStudioVersion = 16.0.29613.14
MinimumVisualStudioVersion = 10.0.40219.1
Project("{FAE04EC0-301F-11D3-BF4B-00C04F79EFBC}") = "16_Funcoes", "16_Funcoes\16_Funcoes.csproj", "{DE9ED2DC-0389-4C79-8188-6FCFDA418C0E}"
EndProject
Global
	GlobalSection(SolutionConfigurationPlatforms) = preSolution
		Debug|Any CPU = Debug|Any CPU
		Release|Any CPU = Release|Any CPU
	EndGlobalSection
	GlobalSection(ProjectConfigurationPlatforms) = postSolution
		{DE9ED2DC-0389-4C79-8188-6FCFDA418C0E}.Debug|Any CPU.ActiveCfg = Debug|Any CPU
		{DE9ED2DC-0389-4C79-8188-6FCFDA418C0E}.Debug|Any CPU.Build.0 = Debug|Any CPU
		{DE9ED2DC-0389-4C79-8188-6FCFDA418C0E}.Release|Any CPU.ActiveCfg = Release|Any CPU
		{DE9ED2DC-0389-4C79-8188-6FCFDA418C0E}.Release|Any CPU.Build.0 = Release|Any CPU
	EndGlobalSection
	GlobalSection(SolutionProperties) = preSolution
		HideSolutionNode = FALSE
	EndGlobalSection
	GlobalSection(ExtensibilityGlobals) = postSolution
		SolutionGuid = {AA4F136A-FD6F-4733-A238-13B58E690F7E}
	EndGlobalSection
EndGlobal
