
Microsoft Visual Studio Solution File, Format Version 12.00
# Visual Studio Version 16
VisualStudioVersion = 16.0.29709.97
MinimumVisualStudioVersion = 10.0.40219.1
Project("{FAE04EC0-301F-11D3-BF4B-00C04F79EFBC}") = "18_Estrutura_repetitiva_FOR", "18_Estrutura_repetitiva_FOR.csproj", "{A6985F44-CFD0-4BDB-9440-2353AC1D02B7}"
EndProject
Global
	GlobalSection(SolutionConfigurationPlatforms) = preSolution
		Debug|Any CPU = Debug|Any CPU
		Release|Any CPU = Release|Any CPU
	EndGlobalSection
	GlobalSection(ProjectConfigurationPlatforms) = postSolution
		{A6985F44-CFD0-4BDB-9440-2353AC1D02B7}.Debug|Any CPU.ActiveCfg = Debug|Any CPU
		{A6985F44-CFD0-4BDB-9440-2353AC1D02B7}.Debug|Any CPU.Build.0 = Debug|Any CPU
		{A6985F44-CFD0-4BDB-9440-2353AC1D02B7}.Release|Any CPU.ActiveCfg = Release|Any CPU
		{A6985F44-CFD0-4BDB-9440-2353AC1D02B7}.Release|Any CPU.Build.0 = Release|Any CPU
	EndGlobalSection
	GlobalSection(SolutionProperties) = preSolution
		HideSolutionNode = FALSE
	EndGlobalSection
	GlobalSection(ExtensibilityGlobals) = postSolution
		SolutionGuid = {BE2E3DFE-084F-4AE3-A1CA-38671ED3DAD4}
	EndGlobalSection
EndGlobal
